
Microsoft Visual Studio Solution File, Format Version 12.00
# Visual Studio Version 16
VisualStudioVersion = 16.0.810.6
MinimumVisualStudioVersion = 10.0.40219.1
Project("{FAE04EC0-301F-11D3-BF4B-00C04F79EFBC}") = "esubot", "esubot\esubot.csproj", "{D6427438-B4D8-4CE0-89D2-60B753C45955}"
EndProject
Global
	GlobalSection(SolutionConfigurationPlatforms) = preSolution
		Debug|Any CPU = Debug|Any CPU
		Release|Any CPU = Release|Any CPU
	EndGlobalSection
	GlobalSection(ProjectConfigurationPlatforms) = postSolution
		{D6427438-B4D8-4CE0-89D2-60B753C45955}.Debug|Any CPU.ActiveCfg = Debug|Any CPU
		{D6427438-B4D8-4CE0-89D2-60B753C45955}.Debug|Any CPU.Build.0 = Debug|Any CPU
		{D6427438-B4D8-4CE0-89D2-60B753C45955}.Release|Any CPU.ActiveCfg = Release|Any CPU
		{D6427438-B4D8-4CE0-89D2-60B753C45955}.Release|Any CPU.Build.0 = Release|Any CPU
	EndGlobalSection
	GlobalSection(SolutionProperties) = preSolution
		HideSolutionNode = FALSE
	EndGlobalSection
	GlobalSection(ExtensibilityGlobals) = postSolution
		SolutionGuid = {536D49E7-3906-436E-BA3E-796542BD607C}
	EndGlobalSection
EndGlobal
